<?xml version="1.0" encoding="UTF-8" standalone="yes" ?>
<CodeBlocks_project_file>
	<FileVersion major="1" minor="6" />
	<Project>
		<Option title="main" />
		<Option pch_mode="2" />
		<Option default_target="Release" />
		<Option compiler="gcc" />
		<Build>
			<Target title="Debug">
				<Option output="../bin/Debug/pylon" prefix_auto="1" extension_auto="1" />
				<Option working_dir="../bin/Debug" />
				<Option object_output="obj/Debug/" />
				<Option type="1" />
				<Option compiler="gcc" />
				<Compiler>
					<Add option="-Wall" />
					<Add option="-g" />
					<Add option="-DPYLON_DEBUG_VERSION" />
					<Add directory="../bin/Debug" />
				</Compiler>
				<ResourceCompiler>
					<Add directory="../bin/Debug/Data" />
				</ResourceCompiler>
				<Linker>
					<Add library="pogelscriptinterface" />
					<Add library="renderer" />
					<Add library="objectloader" />
					<Add library="scriptengine" />
					<Add library="fileloader" />
					<Add library="pogel" />
					<Add library="lists" />
					<Add library="threads" />
					<Add directory="../bin/Debug" />
				</Linker>
				<ExtraCommands>
					<Add after="$sh ../createDebugArchive.sh" />
					<Mode after="always" />
				</ExtraCommands>
			</Target>
			<Target title="Release">
				<Option output="../bin/Release/pylon" prefix_auto="1" extension_auto="1" />
				<Option working_dir="../bin/Release" />
				<Option object_output="obj/Release/" />
				<Option type="0" />
				<Option compiler="gcc" />
				<Compiler>
					<Add option="-O2" />
					<Add directory="../bin/Release" />
				</Compiler>
				<ResourceCompiler>
					<Add directory="../bin/Release/Data" />
				</ResourceCompiler>
				<Linker>
					<Add option="-s" />
					<Add library="pogelscriptinterface" />
					<Add library="renderer" />
					<Add library="objectloader" />
					<Add library="scriptengine" />
					<Add library="fileloader" />
					<Add library="pogel" />
					<Add library="lists" />
					<Add library="threads" />
					<Add directory="../bin/Release" />
				</Linker>
				<ExtraCommands>
					<Add after="$sh ../createReleaseArchive.sh" />
					<Mode after="always" />
				</ExtraCommands>
			</Target>
			<Target title="Development">
				<Option output="../bin/Release/pylon_dev" prefix_auto="1" extension_auto="1" />
				<Option working_dir="../bin/Release" />
				<Option object_output="obj/Development/" />
				<Option type="1" />
				<Option compiler="gcc" />
				<Compiler>
					<Add option="-O2" />
					<Add option="-DPYLON_DEV_VERSION" />
					<Add directory="../bin/Release" />
				</Compiler>
				<ResourceCompiler>
					<Add directory="../bin/Release/Data" />
				</ResourceCompiler>
				<Linker>
					<Add option="-s" />
					<Add library="pogelscriptinterface" />
					<Add library="renderer" />
					<Add library="objectloader" />
					<Add library="scriptengine" />
					<Add library="fileloader" />
					<Add library="pogel" />
					<Add library="lists" />
					<Add library="threads" />
					<Add directory="../bin/Release" />
				</Linker>
				<ExtraCommands>
					<Add after="$sh ../createReleaseArchive.sh" />
					<Mode after="always" />
				</ExtraCommands>
			</Target>
			<Target title="Unitary Debug">
				<Option output="../bin/UnitaryDebug/pylon" prefix_auto="1" extension_auto="1" />
				<Option working_dir="../bin/UnitaryDebug" />
				<Option object_output="obj/Debug/" />
				<Option type="1" />
				<Option compiler="gcc" />
				<Option parameters="-nolimit" />
				<Compiler>
					<Add option="-Wall" />
					<Add option="-g" />
					<Add option="-DPYLON_DEBUG_VERSION" />
					<Add directory="../bin/UnitaryDebug/" />
				</Compiler>
				<Linker>
					<Add library="pogelscriptinterface" />
					<Add library="renderer" />
					<Add library="objectloader" />
					<Add library="scriptengine" />
					<Add library="fileloader" />
					<Add library="pogel" />
					<Add library="lists" />
					<Add library="soil" />
					<Add library="threads" />
					<Add directory="../bin/UnitaryDebug/" />
				</Linker>
				<ExtraCommands>
					<Add after="$sh ../createUnitaryDebugArchive.sh" />
					<Mode after="always" />
				</ExtraCommands>
			</Target>
			<Target title="Unitary Release">
				<Option output="../bin/UnitaryRelease/pylon" prefix_auto="1" extension_auto="1" />
				<Option working_dir="../bin/UnitaryRelease" />
				<Option object_output="obj/Release/" />
				<Option type="0" />
				<Option compiler="gcc" />
				<Compiler>
					<Add option="-Wall" />
					<Add option="-s -O3 -Os -fexpensive-optimizations -fomit-frame-pointer" />
					<Add directory="../bin/UnitaryRelease" />
				</Compiler>
				<ResourceCompiler>
					<Add directory="../bin/UnitaryRelease/Data" />
				</ResourceCompiler>
				<Linker>
					<Add library="pogelscriptinterface" />
					<Add library="renderer" />
					<Add library="objectloader" />
					<Add library="scriptengine" />
					<Add library="fileloader" />
					<Add library="pogel" />
					<Add library="lists" />
					<Add library="soil" />
					<Add library="threads" />
					<Add directory="../bin/UnitaryRelease" />
				</Linker>
				<ExtraCommands>
					<Add after="$sh ../createUnitaryReleaseArchive.sh" />
					<Mode after="always" />
				</ExtraCommands>
			</Target>
			<Target title="Unitary Development">
				<Option output="../bin/UnitaryRelease/pylon_dev" prefix_auto="1" extension_auto="1" />
				<Option working_dir="../bin/UnitaryRelease" />
				<Option object_output="obj/UnitaryDevelopment/" />
				<Option type="1" />
				<Option compiler="gcc" />
				<Compiler>
					<Add option="-Wall" />
					<Add option="-s -O3 -Os -fexpensive-optimizations -fomit-frame-pointer" />
					<Add option="-DPYLON_DEV_VERSION" />
					<Add directory="../bin/UnitaryRelease" />
				</Compiler>
				<ResourceCompiler>
					<Add directory="../bin/Release/Data" />
				</ResourceCompiler>
				<Linker>
					<Add library="pogelscriptinterface" />
					<Add library="renderer" />
					<Add library="objectloader" />
					<Add library="scriptengine" />
					<Add library="fileloader" />
					<Add library="pogel" />
					<Add library="lists" />
					<Add library="soil" />
					<Add library="threads" />
					<Add directory="../bin/UnitaryRelease" />
				</Linker>
				<ExtraCommands>
					<Add after="$sh ../createUnitaryReleaseArchive.sh" />
					<Mode after="always" />
				</ExtraCommands>
			</Target>
		</Build>
		<Compiler>
			<Add directory="$(#glut.include)" />
			<Add directory="$(#python.lib)" />
			<Add directory="$(#python.include)" />
		</Compiler>
		<Linker>
			<Add option="--enable-auto-import" />
			<Add library="$(#glut.lflags)" />
			<Add library="$(#glu.lflags)" />
			<Add library="$(#opengl.lflags)" />
			<Add library="$(#python.lflags)" />
			<Add library="pthread" />
			<Add directory="$(#glut.lib)" />
			<Add directory="$(#python.lib)" />
		</Linker>
		<Unit filename="calcthread.cpp" />
		<Unit filename="calcthread.h" />
		<Unit filename="cmd.cpp" />
		<Unit filename="globals.cpp" />
		<Unit filename="globals.h" />
		<Unit filename="info.cpp" />
		<Unit filename="init.cpp" />
		<Unit filename="main.cpp">
			<Option weight="0" />
		</Unit>
		<Unit filename="main.h" />
		<Unit filename="mainscriptdefs.cpp" />
		<Unit filename="mainscriptdefs.h" />
		<Unit filename="scriptthread.cpp" />
		<Unit filename="scriptthread.h" />
		<Unit filename="version.h" />
		<Unit filename="versionheaders.h" />
		<Extensions>
			<envvars />
			<code_completion />
			<lib_finder disable_auto="1" />
			<debugger />
			<AutoVersioning>
				<Scheme minor_max="10" build_max="0" rev_max="0" rev_rand_max="10" build_times_to_increment_minor="100" />
				<Settings autoincrement="1" date_declarations="1" do_auto_increment="1" ask_to_increment="0" language="C++" svn="0" svn_directory="/home/tarpeyd12/Desktop/pylon/.svn" header_path="version.h" />
				<Changes_Log show_changes_editor="0" app_title="released version %M.%m.%b of %p" changeslog_path="ChangesLog.txt" />
				<Code header_guard="VERSION_H" namespace="AutoVersion" prefix=" " />
			</AutoVersioning>
			<DoxyBlocks>
				<comment_style block="2" line="2" />
				<doxyfile_project />
				<doxyfile_build extract_all="1" />
				<doxyfile_warnings />
				<doxyfile_output />
				<doxyfile_dot />
				<general />
			</DoxyBlocks>
		</Extensions>
	</Project>
</CodeBlocks_project_file>
