<?xml version="1.0" encoding="UTF-8" standalone="yes" ?>
<CodeBlocks_project_file>
	<FileVersion major="1" minor="6" />
	<Project>
		<Option title="window handler" />
		<Option pch_mode="2" />
		<Option compiler="gcc" />
		<Build>
			<Target title="Debug">
				<Option output="../bin/Debug/librenderer" prefix_auto="1" extension_auto="1" />
				<Option working_dir="../bin/Debug" />
				<Option object_output="obj/Debug/" />
				<Option type="3" />
				<Option compiler="gcc" />
				<Option createDefFile="1" />
				<Option createStaticLib="1" />
				<Compiler>
					<Add option="-g" />
				</Compiler>
				<Linker>
					<Add option="-L./bin/Debug" />
					<Add library="pogel" />
					<Add library="objectloader" />
					<Add directory="../bin/Debug" />
				</Linker>
			</Target>
			<Target title="Release">
				<Option output="../bin/Release/librenderer" prefix_auto="1" extension_auto="1" />
				<Option working_dir="../bin/Release" />
				<Option object_output="obj/Release/" />
				<Option type="3" />
				<Option compiler="gcc" />
				<Option createDefFile="1" />
				<Option createStaticLib="1" />
				<Compiler>
					<Add option="-O2" />
				</Compiler>
				<Linker>
					<Add option="-s" />
					<Add option="-L./bin/Release" />
					<Add library="pogel" />
					<Add library="objectloader" />
					<Add directory="../bin/Release" />
				</Linker>
			</Target>
		</Build>
		<Compiler>
			<Add option="-Wall" />
			<Add option="-fexceptions" />
			<Add directory="$(#base.include)" />
			<Add directory="$(#base.lib)" />
			<Add directory="$(#python.lib)" />
			<Add directory="$(#python.include)" />
		</Compiler>
		<Linker>
			<Add option="--enable-auto-import" />
			<Add library="$(#opengl.lflags)" />
			<Add library="$(#glut.lflags)" />
			<Add library="$(#glu.lflags)" />
			<Add library="$(#python.lflags)" />
			<Add directory="$(#base.lib)" />
			<Add directory="$(#python.lib)" />
		</Linker>
		<Unit filename="cmd.cpp" />
		<Unit filename="cmd.h" />
		<Unit filename="key.cpp" />
		<Unit filename="key.h" />
		<Unit filename="mouse.cpp" />
		<Unit filename="mouse.h" />
		<Unit filename="physics.cpp" />
		<Unit filename="physics.h" />
		<Unit filename="renderer.cpp" />
		<Unit filename="renderer.h" />
		<Unit filename="timer.cpp" />
		<Unit filename="timer.h" />
		<Unit filename="version.h" />
		<Unit filename="window.cpp" />
		<Unit filename="window.h" />
		<Extensions>
			<envvars />
			<code_completion />
			<lib_finder disable_auto="1" />
			<debugger />
			<AutoVersioning>
				<Scheme minor_max="10" build_max="0" rev_max="0" rev_rand_max="10" build_times_to_increment_minor="100" />
				<Settings autoincrement="1" date_declarations="1" do_auto_increment="1" ask_to_increment="0" language="C++" svn="0" svn_directory="" header_path="version.h" />
				<Changes_Log show_changes_editor="0" app_title="released version %M.%m.%b of %p" changeslog_path="ChangesLog.txt" />
				<Code header_guard="RENDERER_VERSION_H" namespace="RendererAutoVersion" prefix="" />
			</AutoVersioning>
		</Extensions>
	</Project>
</CodeBlocks_project_file>
