<?xml version="1.0" encoding="UTF-8" standalone="yes" ?>
<CodeBlocks_project_file>
	<FileVersion major="1" minor="6" />
	<Project>
		<Option title="main" />
		<Option pch_mode="2" />
		<Option default_target="Release" />
		<Option compiler="gcc" />
		<Build>
			<Target title="Debug">
				<Option output="../bin/Debug/pylon" prefix_auto="1" extension_auto="1" />
				<Option working_dir="../bin/Debug" />
				<Option object_output="obj/Debug/" />
				<Option type="1" />
				<Option compiler="gcc" />
				<Option parameters="-usedir rc -debug" />
				<Compiler>
					<Add option="-g" />
					<Add option="-L../bin/Debug" />
					<Add option="-DPYLON_DEBUG_VERSION" />
					<Add directory="../bin/Debug" />
				</Compiler>
				<ResourceCompiler>
					<Add directory="../bin/Debug/Data" />
				</ResourceCompiler>
				<Linker>
					<Add option="-L./bin/Debug" />
					<Add library="pogel" />
					<Add library="fileloader" />
					<Add library="pogelscriptinterface" />
					<Add library="renderer" />
					<Add library="scriptengine" />
					<Add library="threads" />
					<Add library="objectloader" />
					<Add directory="../bin/Debug" />
				</Linker>
			</Target>
			<Target title="Release">
				<Option output="../bin/Release/pylon" prefix_auto="1" extension_auto="1" />
				<Option working_dir="../bin/Release" />
				<Option object_output="obj/Release/" />
				<Option type="0" />
				<Option compiler="gcc" />
				<Option parameters="-usedir rc -debug" />
				<Compiler>
					<Add option="-O2" />
					<Add directory="../bin/Release" />
				</Compiler>
				<ResourceCompiler>
					<Add directory="../bin/Release/Data" />
				</ResourceCompiler>
				<Linker>
					<Add option="-s" />
					<Add option="-L./bin/Release" />
					<Add library="pogel" />
					<Add library="fileloader" />
					<Add library="renderer" />
					<Add library="threads" />
					<Add library="scriptengine" />
					<Add library="pogelscriptinterface" />
					<Add library="objectloader" />
					<Add directory="../bin/Release" />
				</Linker>
			</Target>
		</Build>
		<Compiler>
			<Add option="-Wall" />
			<Add directory="$(#glut.include)" />
			<Add directory="$(#python.lib)" />
			<Add directory="$(#python.include)" />
		</Compiler>
		<Linker>
			<Add library="$(#glut.lflags)" />
			<Add library="$(#glu.lflags)" />
			<Add library="$(#opengl.lflags)" />
			<Add library="$(#python.lflags)" />
			<Add library="pthread" />
			<Add directory="$(#glut.lib)" />
			<Add directory="$(#python.lib)" />
		</Linker>
		<Unit filename="calcthread.cpp" />
		<Unit filename="main.cpp" />
		<Unit filename="main.h" />
		<Unit filename="scriptthread.cpp" />
		<Unit filename="version.h" />
		<Extensions>
			<envvars />
			<code_completion />
			<lib_finder disable_auto="1" />
			<debugger />
			<AutoVersioning>
				<Scheme minor_max="10" build_max="0" rev_max="0" rev_rand_max="10" build_times_to_increment_minor="100" />
				<Settings autoincrement="1" date_declarations="1" do_auto_increment="1" ask_to_increment="0" language="C++" svn="0" svn_directory="/home/tarpeyd12/Desktop/pylon/.svn" header_path="version.h" />
				<Changes_Log show_changes_editor="0" app_title="released version %M.%m.%b of %p" changeslog_path="ChangesLog.txt" />
				<Code header_guard="VERSION_H" namespace="AutoVersion" prefix=" " />
			</AutoVersioning>
		</Extensions>
	</Project>
</CodeBlocks_project_file>
